
Microsoft Visual Studio Solution File, Format Version 12.00
# Visual Studio Version 17
VisualStudioVersion = 17.4.33213.308
MinimumVisualStudioVersion = 10.0.40219.1
Project("{FAE04EC0-301F-11D3-BF4B-00C04F79EFBC}") = "Lab8", "Lab8.csproj", "{75EC4D10-F795-43DF-A988-44C22D88C4FF}"
EndProject
Global
	GlobalSection(SolutionConfigurationPlatforms) = preSolution
		Debug|Any CPU = Debug|Any CPU
		Release|Any CPU = Release|Any CPU
	EndGlobalSection
	GlobalSection(ProjectConfigurationPlatforms) = postSolution
		{75EC4D10-F795-43DF-A988-44C22D88C4FF}.Debug|Any CPU.ActiveCfg = Debug|Any CPU
		{75EC4D10-F795-43DF-A988-44C22D88C4FF}.Debug|Any CPU.Build.0 = Debug|Any CPU
		{75EC4D10-F795-43DF-A988-44C22D88C4FF}.Release|Any CPU.ActiveCfg = Release|Any CPU
		{75EC4D10-F795-43DF-A988-44C22D88C4FF}.Release|Any CPU.Build.0 = Release|Any CPU
	EndGlobalSection
	GlobalSection(SolutionProperties) = preSolution
		HideSolutionNode = FALSE
	EndGlobalSection
	GlobalSection(ExtensibilityGlobals) = postSolution
		SolutionGuid = {0C0F9705-2BEE-40F7-9DF8-130E11A1841F}
	EndGlobalSection
EndGlobal
